
Microsoft Visual Studio Solution File, Format Version 12.00
# Visual Studio Version 17
VisualStudioVersion = 17.4.33103.184
MinimumVisualStudioVersion = 10.0.40219.1
Project("{FAE04EC0-301F-11D3-BF4B-00C04F79EFBC}") = "webapi.inlock.codeFirst.tarde2", "webapi.inlock.codeFirst.tarde2.csproj", "{276981EB-A49F-459E-BC78-07181E2918EB}"
EndProject
Global
	GlobalSection(SolutionConfigurationPlatforms) = preSolution
		Debug|Any CPU = Debug|Any CPU
		Release|Any CPU = Release|Any CPU
	EndGlobalSection
	GlobalSection(ProjectConfigurationPlatforms) = postSolution
		{276981EB-A49F-459E-BC78-07181E2918EB}.Debug|Any CPU.ActiveCfg = Debug|Any CPU
		{276981EB-A49F-459E-BC78-07181E2918EB}.Debug|Any CPU.Build.0 = Debug|Any CPU
		{276981EB-A49F-459E-BC78-07181E2918EB}.Release|Any CPU.ActiveCfg = Release|Any CPU
		{276981EB-A49F-459E-BC78-07181E2918EB}.Release|Any CPU.Build.0 = Release|Any CPU
	EndGlobalSection
	GlobalSection(SolutionProperties) = preSolution
		HideSolutionNode = FALSE
	EndGlobalSection
	GlobalSection(ExtensibilityGlobals) = postSolution
		SolutionGuid = {FD6D63B2-76D7-4888-9033-3B6BDDCD69B9}
	EndGlobalSection
EndGlobal
