
Microsoft Visual Studio Solution File, Format Version 12.00
# Visual Studio Version 17
VisualStudioVersion = 17.4.33103.184
MinimumVisualStudioVersion = 10.0.40219.1
Project("{FAE04EC0-301F-11D3-BF4B-00C04F79EFBC}") = "HealthClinic", "HealthClinic.csproj", "{DD43899F-4947-4076-9D98-D44F149287FF}"
EndProject
Global
	GlobalSection(SolutionConfigurationPlatforms) = preSolution
		Debug|Any CPU = Debug|Any CPU
		Release|Any CPU = Release|Any CPU
	EndGlobalSection
	GlobalSection(ProjectConfigurationPlatforms) = postSolution
		{DD43899F-4947-4076-9D98-D44F149287FF}.Debug|Any CPU.ActiveCfg = Debug|Any CPU
		{DD43899F-4947-4076-9D98-D44F149287FF}.Debug|Any CPU.Build.0 = Debug|Any CPU
		{DD43899F-4947-4076-9D98-D44F149287FF}.Release|Any CPU.ActiveCfg = Release|Any CPU
		{DD43899F-4947-4076-9D98-D44F149287FF}.Release|Any CPU.Build.0 = Release|Any CPU
	EndGlobalSection
	GlobalSection(SolutionProperties) = preSolution
		HideSolutionNode = FALSE
	EndGlobalSection
	GlobalSection(ExtensibilityGlobals) = postSolution
		SolutionGuid = {9853BC57-1153-4599-B1A4-97A053A18B67}
	EndGlobalSection
EndGlobal
